
Microsoft Visual Studio Solution File, Format Version 12.00
# Visual Studio 15
VisualStudioVersion = 15.0.27428.2037
MinimumVisualStudioVersion = 10.0.40219.1
Project("{FAE04EC0-301F-11D3-BF4B-00C04F79EFBC}") = "sbwa20532", "sbwa20532\sbwa20532.csproj", "{2C0E0B72-4951-4E76-AA17-16ACFA81A87E}"
EndProject
Global
	GlobalSection(SolutionConfigurationPlatforms) = preSolution
		Debug|Any CPU = Debug|Any CPU
		Release|Any CPU = Release|Any CPU
	EndGlobalSection
	GlobalSection(ProjectConfigurationPlatforms) = postSolution
		{2C0E0B72-4951-4E76-AA17-16ACFA81A87E}.Debug|Any CPU.ActiveCfg = Debug|Any CPU
		{2C0E0B72-4951-4E76-AA17-16ACFA81A87E}.Debug|Any CPU.Build.0 = Debug|Any CPU
		{2C0E0B72-4951-4E76-AA17-16ACFA81A87E}.Release|Any CPU.ActiveCfg = Release|Any CPU
		{2C0E0B72-4951-4E76-AA17-16ACFA81A87E}.Release|Any CPU.Build.0 = Release|Any CPU
	EndGlobalSection
	GlobalSection(SolutionProperties) = preSolution
		HideSolutionNode = FALSE
	EndGlobalSection
	GlobalSection(ExtensibilityGlobals) = postSolution
		SolutionGuid = {CBCCF6E4-2E05-45B3-A4DB-010939D211B3}
	EndGlobalSection
EndGlobal
